
Microsoft Visual Studio Solution File, Format Version 12.00
# Visual Studio Version 17
VisualStudioVersion = 17.8.34316.72
MinimumVisualStudioVersion = 10.0.40219.1
Project("{9A19103F-16F7-4668-BE54-9A1E7A4F7556}") = "HealthCheck.Server", "Chapter_02\HealthCheck\HealthCheck.Server\HealthCheck.Server.csproj", "{3F86EFB5-E7FD-47CD-A553-40A028D17A0C}"
EndProject
Project("{54A90642-561A-4BB1-A94E-469ADEE60C69}") = "healthcheck.client", "Chapter_02\HealthCheck\healthcheck.client\healthcheck.client.esproj", "{04C6C1FF-FA70-45B1-A231-F16BCBDD6EA6}"
EndProject
Project("{2150E333-8FDC-42A3-9474-1A3956D46DE8}") = "Chapter_02", "Chapter_02", "{D45528C3-7DD3-4262-AEFD-36DB67D5DA44}"
EndProject
Project("{2150E333-8FDC-42A3-9474-1A3956D46DE8}") = "Chapter_03", "Chapter_03", "{620C44AE-9582-4A5D-AFF8-E19B912B9DF7}"
EndProject
Project("{54A90642-561A-4BB1-A94E-469ADEE60C69}") = "healthcheck.client", "Chapter_03\HealthCheck\healthcheck.client\healthcheck.client.esproj", "{9F6F349E-8C8B-44DC-AE94-EF73C51F67E4}"
EndProject
Project("{9A19103F-16F7-4668-BE54-9A1E7A4F7556}") = "HealthCheck.Server", "Chapter_03\HealthCheck\HealthCheck.Server\HealthCheck.Server.csproj", "{0C528948-A846-496E-A518-105A50F5E29C}"
EndProject
Project("{2150E333-8FDC-42A3-9474-1A3956D46DE8}") = "Chapter_04", "Chapter_04", "{2D6A2ED1-02A8-48D4-8222-6BA54C3E4BD7}"
EndProject
Project("{54A90642-561A-4BB1-A94E-469ADEE60C69}") = "healthcheck.client", "Chapter_04\HealthCheck\healthcheck.client\healthcheck.client.esproj", "{9DA7DA7B-EEE2-4212-9315-EFC6390E401F}"
EndProject
Project("{9A19103F-16F7-4668-BE54-9A1E7A4F7556}") = "HealthCheck.Server", "Chapter_04\HealthCheck\HealthCheck.Server\HealthCheck.Server.csproj", "{99E24EA5-2DD3-4E9B-A003-D5C18B00456D}"
EndProject
Project("{2150E333-8FDC-42A3-9474-1A3956D46DE8}") = "Chapter_05", "Chapter_05", "{8A97BD86-ECDE-47E7-9792-69E313A39456}"
EndProject
Project("{9A19103F-16F7-4668-BE54-9A1E7A4F7556}") = "WorldCities.Server", "Chapter_05\WorldCities\WorldCities.Server\WorldCities.Server.csproj", "{37FA2925-C8E9-430C-9B73-42D7B87BDD92}"
EndProject
Project("{54A90642-561A-4BB1-A94E-469ADEE60C69}") = "worldcities.client", "Chapter_05\WorldCities\worldcities.client\worldcities.client.esproj", "{1C0D1B8F-2685-4C0B-BF2F-F036A8742250}"
EndProject
Project("{2150E333-8FDC-42A3-9474-1A3956D46DE8}") = "Chapter_06", "Chapter_06", "{22CCB034-7DEC-47F5-BE8F-7F19DFE24A40}"
EndProject
Project("{54A90642-561A-4BB1-A94E-469ADEE60C69}") = "worldcities.client", "Chapter_06\WorldCities\worldcities.client\worldcities.client.esproj", "{67E57E63-7580-42A6-88BE-F5DD113872D6}"
EndProject
Project("{9A19103F-16F7-4668-BE54-9A1E7A4F7556}") = "WorldCities.Server", "Chapter_06\WorldCities\WorldCities.Server\WorldCities.Server.csproj", "{CC168EBA-D2BC-4293-892A-A06E3F3710BD}"
EndProject
Project("{2150E333-8FDC-42A3-9474-1A3956D46DE8}") = "Chapter_07", "Chapter_07", "{B0BCC116-BA37-474D-A4B4-D4CF1B4A594F}"
EndProject
Project("{54A90642-561A-4BB1-A94E-469ADEE60C69}") = "worldcities.client", "Chapter_07\WorldCities\worldcities.client\worldcities.client.esproj", "{3C291388-F34F-43FD-AA4C-0574C892E102}"
EndProject
Project("{9A19103F-16F7-4668-BE54-9A1E7A4F7556}") = "WorldCities.Server", "Chapter_07\WorldCities\WorldCities.Server\WorldCities.Server.csproj", "{8124EB8B-A051-42BE-8922-34FF4067C7BB}"
EndProject
Project("{2150E333-8FDC-42A3-9474-1A3956D46DE8}") = "Chapter_08", "Chapter_08", "{CF5ADB52-D4F3-471E-9879-3CCDA212D540}"
EndProject
Project("{54A90642-561A-4BB1-A94E-469ADEE60C69}") = "worldcities.client", "Chapter_08\WorldCities\worldcities.client\worldcities.client.esproj", "{CD7EF06C-513B-4216-BE1B-7BFB06872B2A}"
EndProject
Project("{9A19103F-16F7-4668-BE54-9A1E7A4F7556}") = "WorldCities.Server", "Chapter_08\WorldCities\WorldCities.Server\WorldCities.Server.csproj", "{04F385EA-9199-4E51-961A-D1FC9E843BB5}"
EndProject
Project("{2150E333-8FDC-42A3-9474-1A3956D46DE8}") = "Chapter_09", "Chapter_09", "{37EA616A-2099-4C17-8250-728DDDE9D82D}"
EndProject
Project("{54A90642-561A-4BB1-A94E-469ADEE60C69}") = "worldcities.client", "Chapter_09\WorldCities\worldcities.client\worldcities.client.esproj", "{503F361C-22DD-4869-946B-3FAE2E22D349}"
EndProject
Project("{9A19103F-16F7-4668-BE54-9A1E7A4F7556}") = "WorldCities.Server", "Chapter_09\WorldCities\WorldCities.Server\WorldCities.Server.csproj", "{25D65F99-5E04-4BEE-B0C1-ECCD13FAD98E}"
EndProject
Project("{2150E333-8FDC-42A3-9474-1A3956D46DE8}") = "Chapter_10", "Chapter_10", "{DD6C1B20-B28E-4812-BC01-DED5C056167C}"
EndProject
Project("{54A90642-561A-4BB1-A94E-469ADEE60C69}") = "worldcities.client", "Chapter_10\WorldCities\worldcities.client\worldcities.client.esproj", "{A660093D-A485-4A43-B61F-833580D40FDD}"
EndProject
Project("{9A19103F-16F7-4668-BE54-9A1E7A4F7556}") = "WorldCities.Server", "Chapter_10\WorldCities\WorldCities.Server\WorldCities.Server.csproj", "{38B60CF2-BF3F-41C8-A189-5D84C730B2F4}"
EndProject
Project("{9A19103F-16F7-4668-BE54-9A1E7A4F7556}") = "WorldCities.Server.Tests", "Chapter_10\WorldCities\WorldCities.Server.Tests\WorldCities.Server.Tests.csproj", "{9EEB7E08-7184-4899-AAE1-450631CD3241}"
EndProject
Project("{2150E333-8FDC-42A3-9474-1A3956D46DE8}") = "Chapter_11", "Chapter_11", "{8D2BD305-652D-43FB-9892-3E5C1816B016}"
EndProject
Project("{54A90642-561A-4BB1-A94E-469ADEE60C69}") = "worldcities.client", "Chapter_11\WorldCities\worldcities.client\worldcities.client.esproj", "{A253AAC1-1FAE-4A16-947B-A7D73CC1D930}"
EndProject
Project("{9A19103F-16F7-4668-BE54-9A1E7A4F7556}") = "WorldCities.Server", "Chapter_11\WorldCities\WorldCities.Server\WorldCities.Server.csproj", "{5274C8E5-9E1B-4F96-8D49-8BE5526982CA}"
EndProject
Project("{9A19103F-16F7-4668-BE54-9A1E7A4F7556}") = "WorldCities.Server.Tests", "Chapter_11\WorldCities\WorldCities.Server.Tests\WorldCities.Server.Tests.csproj", "{27323A21-7616-4CF6-BA4C-905B885903A0}"
EndProject
Project("{2150E333-8FDC-42A3-9474-1A3956D46DE8}") = "Chapter_12", "Chapter_12", "{4BC6888D-CC36-4A88-A363-A36A0D27E502}"
EndProject
Project("{54A90642-561A-4BB1-A94E-469ADEE60C69}") = "worldcities.client", "Chapter_12\WorldCities\worldcities.client\worldcities.client.esproj", "{E08D449D-D864-46EB-A5C4-B924ECF2BB3A}"
EndProject
Project("{9A19103F-16F7-4668-BE54-9A1E7A4F7556}") = "WorldCities.Server", "Chapter_12\WorldCities\WorldCities.Server\WorldCities.Server.csproj", "{B6A61EFB-A8DE-4B9C-869F-0D12B90404F5}"
EndProject
Project("{54A90642-561A-4BB1-A94E-469ADEE60C69}") = "healthcheck.client", "Chapter_12\HealthCheck\healthcheck.client\healthcheck.client.esproj", "{7EDDB2E5-C3E3-4A83-8576-FE1905AC5E1E}"
EndProject
Project("{9A19103F-16F7-4668-BE54-9A1E7A4F7556}") = "HealthCheck.Server", "Chapter_12\HealthCheck\HealthCheck.Server\HealthCheck.Server.csproj", "{1031E865-1E0C-4181-B9CC-ED6B92F702BE}"
EndProject
Project("{2150E333-8FDC-42A3-9474-1A3956D46DE8}") = "Chapter_13", "Chapter_13", "{69846E88-116F-4C3C-A357-834B090C8450}"
EndProject
Project("{54A90642-561A-4BB1-A94E-469ADEE60C69}") = "worldcities.client", "Chapter_13\WorldCities\worldcities.client\worldcities.client.esproj", "{BEB74F54-83E8-41B4-B728-3DD6F49FF654}"
EndProject
Project("{9A19103F-16F7-4668-BE54-9A1E7A4F7556}") = "WorldCities.Server", "Chapter_13\WorldCities\WorldCities.Server\WorldCities.Server.csproj", "{071508D9-1CBF-411C-8B61-98C21F491023}"
EndProject
Project("{2150E333-8FDC-42A3-9474-1A3956D46DE8}") = "Chapter_14", "Chapter_14", "{AC4832E2-E23C-43C5-8695-2778D519F607}"
EndProject
Project("{54A90642-561A-4BB1-A94E-469ADEE60C69}") = "healthcheck.client", "Chapter_14\HealthCheck\healthcheck.client\healthcheck.client.esproj", "{9EFF3D3F-D15D-4A35-84FD-A1DEFB93AA79}"
EndProject
Project("{9A19103F-16F7-4668-BE54-9A1E7A4F7556}") = "HealthCheck.Server", "Chapter_14\HealthCheck\HealthCheck.Server\HealthCheck.Server.csproj", "{526BCE68-74F8-400F-8155-AB1547937704}"
EndProject
Project("{2150E333-8FDC-42A3-9474-1A3956D46DE8}") = "Chapter_15", "Chapter_15", "{96360268-0B14-4602-91AF-F3CBC24FDE9C}"
EndProject
Project("{54A90642-561A-4BB1-A94E-469ADEE60C69}") = "healthcheck.client", "Chapter_15\HealthCheck\healthcheck.client\healthcheck.client.esproj", "{9600E2BD-0D9B-498B-8A0D-A95D4C8F4864}"
EndProject
Project("{9A19103F-16F7-4668-BE54-9A1E7A4F7556}") = "HealthCheck.Server", "Chapter_15\HealthCheck\HealthCheck.Server\HealthCheck.Server.csproj", "{62BC9C8E-586B-49C0-9EC9-DA46A2932E13}"
EndProject
Project("{54A90642-561A-4BB1-A94E-469ADEE60C69}") = "worldcities.client", "Chapter_15\WorldCities\worldcities.client\worldcities.client.esproj", "{050CFE49-F4BB-4A14-8C36-B723E2CE899D}"
EndProject
Project("{9A19103F-16F7-4668-BE54-9A1E7A4F7556}") = "WorldCities.Server", "Chapter_15\WorldCities\WorldCities.Server\WorldCities.Server.csproj", "{FB38966B-1F47-4419-8E72-0C90A6E50994}"
EndProject
Project("{2150E333-8FDC-42A3-9474-1A3956D46DE8}") = "_LinuxVM_ConfigFiles", "_LinuxVM_ConfigFiles", "{A1CF980F-5A9F-454A-BCA5-249C514650C5}"
	ProjectSection(SolutionItems) = preProject
		Chapter_15\_LinuxVM_ConfigFiles\kestrel-WorldCities.Server.service = Chapter_15\_LinuxVM_ConfigFiles\kestrel-WorldCities.Server.service
		Chapter_15\_LinuxVM_ConfigFiles\nginx-worldcities.client.conf = Chapter_15\_LinuxVM_ConfigFiles\nginx-worldcities.client.conf
		Chapter_15\_LinuxVM_ConfigFiles\nginx-WorldCities.Server.conf = Chapter_15\_LinuxVM_ConfigFiles\nginx-WorldCities.Server.conf
	EndProjectSection
EndProject
Global
	GlobalSection(SolutionConfigurationPlatforms) = preSolution
		Debug|Any CPU = Debug|Any CPU
		Release|Any CPU = Release|Any CPU
	EndGlobalSection
	GlobalSection(ProjectConfigurationPlatforms) = postSolution
		{3F86EFB5-E7FD-47CD-A553-40A028D17A0C}.Debug|Any CPU.ActiveCfg = Debug|Any CPU
		{3F86EFB5-E7FD-47CD-A553-40A028D17A0C}.Debug|Any CPU.Build.0 = Debug|Any CPU
		{3F86EFB5-E7FD-47CD-A553-40A028D17A0C}.Release|Any CPU.ActiveCfg = Release|Any CPU
		{3F86EFB5-E7FD-47CD-A553-40A028D17A0C}.Release|Any CPU.Build.0 = Release|Any CPU
		{04C6C1FF-FA70-45B1-A231-F16BCBDD6EA6}.Debug|Any CPU.ActiveCfg = Debug|Any CPU
		{04C6C1FF-FA70-45B1-A231-F16BCBDD6EA6}.Debug|Any CPU.Build.0 = Debug|Any CPU
		{04C6C1FF-FA70-45B1-A231-F16BCBDD6EA6}.Debug|Any CPU.Deploy.0 = Debug|Any CPU
		{04C6C1FF-FA70-45B1-A231-F16BCBDD6EA6}.Release|Any CPU.ActiveCfg = Release|Any CPU
		{04C6C1FF-FA70-45B1-A231-F16BCBDD6EA6}.Release|Any CPU.Build.0 = Release|Any CPU
		{04C6C1FF-FA70-45B1-A231-F16BCBDD6EA6}.Release|Any CPU.Deploy.0 = Release|Any CPU
		{9F6F349E-8C8B-44DC-AE94-EF73C51F67E4}.Debug|Any CPU.ActiveCfg = Debug|Any CPU
		{9F6F349E-8C8B-44DC-AE94-EF73C51F67E4}.Debug|Any CPU.Build.0 = Debug|Any CPU
		{9F6F349E-8C8B-44DC-AE94-EF73C51F67E4}.Debug|Any CPU.Deploy.0 = Debug|Any CPU
		{9F6F349E-8C8B-44DC-AE94-EF73C51F67E4}.Release|Any CPU.ActiveCfg = Release|Any CPU
		{9F6F349E-8C8B-44DC-AE94-EF73C51F67E4}.Release|Any CPU.Build.0 = Release|Any CPU
		{9F6F349E-8C8B-44DC-AE94-EF73C51F67E4}.Release|Any CPU.Deploy.0 = Release|Any CPU
		{0C528948-A846-496E-A518-105A50F5E29C}.Debug|Any CPU.ActiveCfg = Debug|Any CPU
		{0C528948-A846-496E-A518-105A50F5E29C}.Debug|Any CPU.Build.0 = Debug|Any CPU
		{0C528948-A846-496E-A518-105A50F5E29C}.Release|Any CPU.ActiveCfg = Release|Any CPU
		{0C528948-A846-496E-A518-105A50F5E29C}.Release|Any CPU.Build.0 = Release|Any CPU
		{9DA7DA7B-EEE2-4212-9315-EFC6390E401F}.Debug|Any CPU.ActiveCfg = Debug|Any CPU
		{9DA7DA7B-EEE2-4212-9315-EFC6390E401F}.Debug|Any CPU.Build.0 = Debug|Any CPU
		{9DA7DA7B-EEE2-4212-9315-EFC6390E401F}.Debug|Any CPU.Deploy.0 = Debug|Any CPU
		{9DA7DA7B-EEE2-4212-9315-EFC6390E401F}.Release|Any CPU.ActiveCfg = Release|Any CPU
		{9DA7DA7B-EEE2-4212-9315-EFC6390E401F}.Release|Any CPU.Build.0 = Release|Any CPU
		{9DA7DA7B-EEE2-4212-9315-EFC6390E401F}.Release|Any CPU.Deploy.0 = Release|Any CPU
		{99E24EA5-2DD3-4E9B-A003-D5C18B00456D}.Debug|Any CPU.ActiveCfg = Debug|Any CPU
		{99E24EA5-2DD3-4E9B-A003-D5C18B00456D}.Debug|Any CPU.Build.0 = Debug|Any CPU
		{99E24EA5-2DD3-4E9B-A003-D5C18B00456D}.Release|Any CPU.ActiveCfg = Release|Any CPU
		{99E24EA5-2DD3-4E9B-A003-D5C18B00456D}.Release|Any CPU.Build.0 = Release|Any CPU
		{37FA2925-C8E9-430C-9B73-42D7B87BDD92}.Debug|Any CPU.ActiveCfg = Debug|Any CPU
		{37FA2925-C8E9-430C-9B73-42D7B87BDD92}.Debug|Any CPU.Build.0 = Debug|Any CPU
		{37FA2925-C8E9-430C-9B73-42D7B87BDD92}.Release|Any CPU.ActiveCfg = Release|Any CPU
		{37FA2925-C8E9-430C-9B73-42D7B87BDD92}.Release|Any CPU.Build.0 = Release|Any CPU
		{1C0D1B8F-2685-4C0B-BF2F-F036A8742250}.Debug|Any CPU.ActiveCfg = Debug|Any CPU
		{1C0D1B8F-2685-4C0B-BF2F-F036A8742250}.Debug|Any CPU.Build.0 = Debug|Any CPU
		{1C0D1B8F-2685-4C0B-BF2F-F036A8742250}.Debug|Any CPU.Deploy.0 = Debug|Any CPU
		{1C0D1B8F-2685-4C0B-BF2F-F036A8742250}.Release|Any CPU.ActiveCfg = Release|Any CPU
		{1C0D1B8F-2685-4C0B-BF2F-F036A8742250}.Release|Any CPU.Build.0 = Release|Any CPU
		{1C0D1B8F-2685-4C0B-BF2F-F036A8742250}.Release|Any CPU.Deploy.0 = Release|Any CPU
		{67E57E63-7580-42A6-88BE-F5DD113872D6}.Debug|Any CPU.ActiveCfg = Debug|Any CPU
		{67E57E63-7580-42A6-88BE-F5DD113872D6}.Debug|Any CPU.Build.0 = Debug|Any CPU
		{67E57E63-7580-42A6-88BE-F5DD113872D6}.Debug|Any CPU.Deploy.0 = Debug|Any CPU
		{67E57E63-7580-42A6-88BE-F5DD113872D6}.Release|Any CPU.ActiveCfg = Release|Any CPU
		{67E57E63-7580-42A6-88BE-F5DD113872D6}.Release|Any CPU.Build.0 = Release|Any CPU
		{67E57E63-7580-42A6-88BE-F5DD113872D6}.Release|Any CPU.Deploy.0 = Release|Any CPU
		{CC168EBA-D2BC-4293-892A-A06E3F3710BD}.Debug|Any CPU.ActiveCfg = Debug|Any CPU
		{CC168EBA-D2BC-4293-892A-A06E3F3710BD}.Debug|Any CPU.Build.0 = Debug|Any CPU
		{CC168EBA-D2BC-4293-892A-A06E3F3710BD}.Release|Any CPU.ActiveCfg = Release|Any CPU
		{CC168EBA-D2BC-4293-892A-A06E3F3710BD}.Release|Any CPU.Build.0 = Release|Any CPU
		{3C291388-F34F-43FD-AA4C-0574C892E102}.Debug|Any CPU.ActiveCfg = Debug|Any CPU
		{3C291388-F34F-43FD-AA4C-0574C892E102}.Debug|Any CPU.Build.0 = Debug|Any CPU
		{3C291388-F34F-43FD-AA4C-0574C892E102}.Debug|Any CPU.Deploy.0 = Debug|Any CPU
		{3C291388-F34F-43FD-AA4C-0574C892E102}.Release|Any CPU.ActiveCfg = Release|Any CPU
		{3C291388-F34F-43FD-AA4C-0574C892E102}.Release|Any CPU.Build.0 = Release|Any CPU
		{3C291388-F34F-43FD-AA4C-0574C892E102}.Release|Any CPU.Deploy.0 = Release|Any CPU
		{8124EB8B-A051-42BE-8922-34FF4067C7BB}.Debug|Any CPU.ActiveCfg = Debug|Any CPU
		{8124EB8B-A051-42BE-8922-34FF4067C7BB}.Debug|Any CPU.Build.0 = Debug|Any CPU
		{8124EB8B-A051-42BE-8922-34FF4067C7BB}.Release|Any CPU.ActiveCfg = Release|Any CPU
		{8124EB8B-A051-42BE-8922-34FF4067C7BB}.Release|Any CPU.Build.0 = Release|Any CPU
		{CD7EF06C-513B-4216-BE1B-7BFB06872B2A}.Debug|Any CPU.ActiveCfg = Debug|Any CPU
		{CD7EF06C-513B-4216-BE1B-7BFB06872B2A}.Debug|Any CPU.Build.0 = Debug|Any CPU
		{CD7EF06C-513B-4216-BE1B-7BFB06872B2A}.Debug|Any CPU.Deploy.0 = Debug|Any CPU
		{CD7EF06C-513B-4216-BE1B-7BFB06872B2A}.Release|Any CPU.ActiveCfg = Release|Any CPU
		{CD7EF06C-513B-4216-BE1B-7BFB06872B2A}.Release|Any CPU.Build.0 = Release|Any CPU
		{CD7EF06C-513B-4216-BE1B-7BFB06872B2A}.Release|Any CPU.Deploy.0 = Release|Any CPU
		{04F385EA-9199-4E51-961A-D1FC9E843BB5}.Debug|Any CPU.ActiveCfg = Debug|Any CPU
		{04F385EA-9199-4E51-961A-D1FC9E843BB5}.Debug|Any CPU.Build.0 = Debug|Any CPU
		{04F385EA-9199-4E51-961A-D1FC9E843BB5}.Release|Any CPU.ActiveCfg = Release|Any CPU
		{04F385EA-9199-4E51-961A-D1FC9E843BB5}.Release|Any CPU.Build.0 = Release|Any CPU
		{503F361C-22DD-4869-946B-3FAE2E22D349}.Debug|Any CPU.ActiveCfg = Debug|Any CPU
		{503F361C-22DD-4869-946B-3FAE2E22D349}.Debug|Any CPU.Build.0 = Debug|Any CPU
		{503F361C-22DD-4869-946B-3FAE2E22D349}.Debug|Any CPU.Deploy.0 = Debug|Any CPU
		{503F361C-22DD-4869-946B-3FAE2E22D349}.Release|Any CPU.ActiveCfg = Release|Any CPU
		{503F361C-22DD-4869-946B-3FAE2E22D349}.Release|Any CPU.Build.0 = Release|Any CPU
		{503F361C-22DD-4869-946B-3FAE2E22D349}.Release|Any CPU.Deploy.0 = Release|Any CPU
		{25D65F99-5E04-4BEE-B0C1-ECCD13FAD98E}.Debug|Any CPU.ActiveCfg = Debug|Any CPU
		{25D65F99-5E04-4BEE-B0C1-ECCD13FAD98E}.Debug|Any CPU.Build.0 = Debug|Any CPU
		{25D65F99-5E04-4BEE-B0C1-ECCD13FAD98E}.Release|Any CPU.ActiveCfg = Release|Any CPU
		{25D65F99-5E04-4BEE-B0C1-ECCD13FAD98E}.Release|Any CPU.Build.0 = Release|Any CPU
		{A660093D-A485-4A43-B61F-833580D40FDD}.Debug|Any CPU.ActiveCfg = Debug|Any CPU
		{A660093D-A485-4A43-B61F-833580D40FDD}.Debug|Any CPU.Build.0 = Debug|Any CPU
		{A660093D-A485-4A43-B61F-833580D40FDD}.Debug|Any CPU.Deploy.0 = Debug|Any CPU
		{A660093D-A485-4A43-B61F-833580D40FDD}.Release|Any CPU.ActiveCfg = Release|Any CPU
		{A660093D-A485-4A43-B61F-833580D40FDD}.Release|Any CPU.Build.0 = Release|Any CPU
		{A660093D-A485-4A43-B61F-833580D40FDD}.Release|Any CPU.Deploy.0 = Release|Any CPU
		{38B60CF2-BF3F-41C8-A189-5D84C730B2F4}.Debug|Any CPU.ActiveCfg = Debug|Any CPU
		{38B60CF2-BF3F-41C8-A189-5D84C730B2F4}.Debug|Any CPU.Build.0 = Debug|Any CPU
		{38B60CF2-BF3F-41C8-A189-5D84C730B2F4}.Release|Any CPU.ActiveCfg = Release|Any CPU
		{38B60CF2-BF3F-41C8-A189-5D84C730B2F4}.Release|Any CPU.Build.0 = Release|Any CPU
		{9EEB7E08-7184-4899-AAE1-450631CD3241}.Debug|Any CPU.ActiveCfg = Debug|Any CPU
		{9EEB7E08-7184-4899-AAE1-450631CD3241}.Debug|Any CPU.Build.0 = Debug|Any CPU
		{9EEB7E08-7184-4899-AAE1-450631CD3241}.Release|Any CPU.ActiveCfg = Release|Any CPU
		{9EEB7E08-7184-4899-AAE1-450631CD3241}.Release|Any CPU.Build.0 = Release|Any CPU
		{A253AAC1-1FAE-4A16-947B-A7D73CC1D930}.Debug|Any CPU.ActiveCfg = Debug|Any CPU
		{A253AAC1-1FAE-4A16-947B-A7D73CC1D930}.Debug|Any CPU.Build.0 = Debug|Any CPU
		{A253AAC1-1FAE-4A16-947B-A7D73CC1D930}.Debug|Any CPU.Deploy.0 = Debug|Any CPU
		{A253AAC1-1FAE-4A16-947B-A7D73CC1D930}.Release|Any CPU.ActiveCfg = Release|Any CPU
		{A253AAC1-1FAE-4A16-947B-A7D73CC1D930}.Release|Any CPU.Build.0 = Release|Any CPU
		{A253AAC1-1FAE-4A16-947B-A7D73CC1D930}.Release|Any CPU.Deploy.0 = Release|Any CPU
		{5274C8E5-9E1B-4F96-8D49-8BE5526982CA}.Debug|Any CPU.ActiveCfg = Debug|Any CPU
		{5274C8E5-9E1B-4F96-8D49-8BE5526982CA}.Debug|Any CPU.Build.0 = Debug|Any CPU
		{5274C8E5-9E1B-4F96-8D49-8BE5526982CA}.Release|Any CPU.ActiveCfg = Release|Any CPU
		{5274C8E5-9E1B-4F96-8D49-8BE5526982CA}.Release|Any CPU.Build.0 = Release|Any CPU
		{27323A21-7616-4CF6-BA4C-905B885903A0}.Debug|Any CPU.ActiveCfg = Debug|Any CPU
		{27323A21-7616-4CF6-BA4C-905B885903A0}.Debug|Any CPU.Build.0 = Debug|Any CPU
		{27323A21-7616-4CF6-BA4C-905B885903A0}.Release|Any CPU.ActiveCfg = Release|Any CPU
		{27323A21-7616-4CF6-BA4C-905B885903A0}.Release|Any CPU.Build.0 = Release|Any CPU
		{E08D449D-D864-46EB-A5C4-B924ECF2BB3A}.Debug|Any CPU.ActiveCfg = Debug|Any CPU
		{E08D449D-D864-46EB-A5C4-B924ECF2BB3A}.Debug|Any CPU.Build.0 = Debug|Any CPU
		{E08D449D-D864-46EB-A5C4-B924ECF2BB3A}.Debug|Any CPU.Deploy.0 = Debug|Any CPU
		{E08D449D-D864-46EB-A5C4-B924ECF2BB3A}.Release|Any CPU.ActiveCfg = Release|Any CPU
		{E08D449D-D864-46EB-A5C4-B924ECF2BB3A}.Release|Any CPU.Build.0 = Release|Any CPU
		{E08D449D-D864-46EB-A5C4-B924ECF2BB3A}.Release|Any CPU.Deploy.0 = Release|Any CPU
		{B6A61EFB-A8DE-4B9C-869F-0D12B90404F5}.Debug|Any CPU.ActiveCfg = Debug|Any CPU
		{B6A61EFB-A8DE-4B9C-869F-0D12B90404F5}.Debug|Any CPU.Build.0 = Debug|Any CPU
		{B6A61EFB-A8DE-4B9C-869F-0D12B90404F5}.Release|Any CPU.ActiveCfg = Release|Any CPU
		{B6A61EFB-A8DE-4B9C-869F-0D12B90404F5}.Release|Any CPU.Build.0 = Release|Any CPU
		{7EDDB2E5-C3E3-4A83-8576-FE1905AC5E1E}.Debug|Any CPU.ActiveCfg = Debug|Any CPU
		{7EDDB2E5-C3E3-4A83-8576-FE1905AC5E1E}.Debug|Any CPU.Build.0 = Debug|Any CPU
		{7EDDB2E5-C3E3-4A83-8576-FE1905AC5E1E}.Debug|Any CPU.Deploy.0 = Debug|Any CPU
		{7EDDB2E5-C3E3-4A83-8576-FE1905AC5E1E}.Release|Any CPU.ActiveCfg = Release|Any CPU
		{7EDDB2E5-C3E3-4A83-8576-FE1905AC5E1E}.Release|Any CPU.Build.0 = Release|Any CPU
		{7EDDB2E5-C3E3-4A83-8576-FE1905AC5E1E}.Release|Any CPU.Deploy.0 = Release|Any CPU
		{1031E865-1E0C-4181-B9CC-ED6B92F702BE}.Debug|Any CPU.ActiveCfg = Debug|Any CPU
		{1031E865-1E0C-4181-B9CC-ED6B92F702BE}.Debug|Any CPU.Build.0 = Debug|Any CPU
		{1031E865-1E0C-4181-B9CC-ED6B92F702BE}.Release|Any CPU.ActiveCfg = Release|Any CPU
		{1031E865-1E0C-4181-B9CC-ED6B92F702BE}.Release|Any CPU.Build.0 = Release|Any CPU
		{BEB74F54-83E8-41B4-B728-3DD6F49FF654}.Debug|Any CPU.ActiveCfg = Debug|Any CPU
		{BEB74F54-83E8-41B4-B728-3DD6F49FF654}.Debug|Any CPU.Build.0 = Debug|Any CPU
		{BEB74F54-83E8-41B4-B728-3DD6F49FF654}.Debug|Any CPU.Deploy.0 = Debug|Any CPU
		{BEB74F54-83E8-41B4-B728-3DD6F49FF654}.Release|Any CPU.ActiveCfg = Release|Any CPU
		{BEB74F54-83E8-41B4-B728-3DD6F49FF654}.Release|Any CPU.Build.0 = Release|Any CPU
		{BEB74F54-83E8-41B4-B728-3DD6F49FF654}.Release|Any CPU.Deploy.0 = Release|Any CPU
		{071508D9-1CBF-411C-8B61-98C21F491023}.Debug|Any CPU.ActiveCfg = Debug|Any CPU
		{071508D9-1CBF-411C-8B61-98C21F491023}.Debug|Any CPU.Build.0 = Debug|Any CPU
		{071508D9-1CBF-411C-8B61-98C21F491023}.Release|Any CPU.ActiveCfg = Release|Any CPU
		{071508D9-1CBF-411C-8B61-98C21F491023}.Release|Any CPU.Build.0 = Release|Any CPU
		{9EFF3D3F-D15D-4A35-84FD-A1DEFB93AA79}.Debug|Any CPU.ActiveCfg = Debug|Any CPU
		{9EFF3D3F-D15D-4A35-84FD-A1DEFB93AA79}.Debug|Any CPU.Build.0 = Debug|Any CPU
		{9EFF3D3F-D15D-4A35-84FD-A1DEFB93AA79}.Debug|Any CPU.Deploy.0 = Debug|Any CPU
		{9EFF3D3F-D15D-4A35-84FD-A1DEFB93AA79}.Release|Any CPU.ActiveCfg = Release|Any CPU
		{9EFF3D3F-D15D-4A35-84FD-A1DEFB93AA79}.Release|Any CPU.Build.0 = Release|Any CPU
		{9EFF3D3F-D15D-4A35-84FD-A1DEFB93AA79}.Release|Any CPU.Deploy.0 = Release|Any CPU
		{526BCE68-74F8-400F-8155-AB1547937704}.Debug|Any CPU.ActiveCfg = Debug|Any CPU
		{526BCE68-74F8-400F-8155-AB1547937704}.Debug|Any CPU.Build.0 = Debug|Any CPU
		{526BCE68-74F8-400F-8155-AB1547937704}.Release|Any CPU.ActiveCfg = Release|Any CPU
		{526BCE68-74F8-400F-8155-AB1547937704}.Release|Any CPU.Build.0 = Release|Any CPU
		{9600E2BD-0D9B-498B-8A0D-A95D4C8F4864}.Debug|Any CPU.ActiveCfg = Debug|Any CPU
		{9600E2BD-0D9B-498B-8A0D-A95D4C8F4864}.Debug|Any CPU.Build.0 = Debug|Any CPU
		{9600E2BD-0D9B-498B-8A0D-A95D4C8F4864}.Debug|Any CPU.Deploy.0 = Debug|Any CPU
		{9600E2BD-0D9B-498B-8A0D-A95D4C8F4864}.Release|Any CPU.ActiveCfg = Release|Any CPU
		{9600E2BD-0D9B-498B-8A0D-A95D4C8F4864}.Release|Any CPU.Build.0 = Release|Any CPU
		{9600E2BD-0D9B-498B-8A0D-A95D4C8F4864}.Release|Any CPU.Deploy.0 = Release|Any CPU
		{62BC9C8E-586B-49C0-9EC9-DA46A2932E13}.Debug|Any CPU.ActiveCfg = Debug|Any CPU
		{62BC9C8E-586B-49C0-9EC9-DA46A2932E13}.Debug|Any CPU.Build.0 = Debug|Any CPU
		{62BC9C8E-586B-49C0-9EC9-DA46A2932E13}.Release|Any CPU.ActiveCfg = Release|Any CPU
		{62BC9C8E-586B-49C0-9EC9-DA46A2932E13}.Release|Any CPU.Build.0 = Release|Any CPU
		{050CFE49-F4BB-4A14-8C36-B723E2CE899D}.Debug|Any CPU.ActiveCfg = Debug|Any CPU
		{050CFE49-F4BB-4A14-8C36-B723E2CE899D}.Debug|Any CPU.Build.0 = Debug|Any CPU
		{050CFE49-F4BB-4A14-8C36-B723E2CE899D}.Debug|Any CPU.Deploy.0 = Debug|Any CPU
		{050CFE49-F4BB-4A14-8C36-B723E2CE899D}.Release|Any CPU.ActiveCfg = Release|Any CPU
		{050CFE49-F4BB-4A14-8C36-B723E2CE899D}.Release|Any CPU.Build.0 = Release|Any CPU
		{050CFE49-F4BB-4A14-8C36-B723E2CE899D}.Release|Any CPU.Deploy.0 = Release|Any CPU
		{FB38966B-1F47-4419-8E72-0C90A6E50994}.Debug|Any CPU.ActiveCfg = Debug|Any CPU
		{FB38966B-1F47-4419-8E72-0C90A6E50994}.Debug|Any CPU.Build.0 = Debug|Any CPU
		{FB38966B-1F47-4419-8E72-0C90A6E50994}.Release|Any CPU.ActiveCfg = Release|Any CPU
		{FB38966B-1F47-4419-8E72-0C90A6E50994}.Release|Any CPU.Build.0 = Release|Any CPU
	EndGlobalSection
	GlobalSection(SolutionProperties) = preSolution
		HideSolutionNode = FALSE
	EndGlobalSection
	GlobalSection(NestedProjects) = preSolution
		{3F86EFB5-E7FD-47CD-A553-40A028D17A0C} = {D45528C3-7DD3-4262-AEFD-36DB67D5DA44}
		{04C6C1FF-FA70-45B1-A231-F16BCBDD6EA6} = {D45528C3-7DD3-4262-AEFD-36DB67D5DA44}
		{9F6F349E-8C8B-44DC-AE94-EF73C51F67E4} = {620C44AE-9582-4A5D-AFF8-E19B912B9DF7}
		{0C528948-A846-496E-A518-105A50F5E29C} = {620C44AE-9582-4A5D-AFF8-E19B912B9DF7}
		{9DA7DA7B-EEE2-4212-9315-EFC6390E401F} = {2D6A2ED1-02A8-48D4-8222-6BA54C3E4BD7}
		{99E24EA5-2DD3-4E9B-A003-D5C18B00456D} = {2D6A2ED1-02A8-48D4-8222-6BA54C3E4BD7}
		{37FA2925-C8E9-430C-9B73-42D7B87BDD92} = {8A97BD86-ECDE-47E7-9792-69E313A39456}
		{1C0D1B8F-2685-4C0B-BF2F-F036A8742250} = {8A97BD86-ECDE-47E7-9792-69E313A39456}
		{67E57E63-7580-42A6-88BE-F5DD113872D6} = {22CCB034-7DEC-47F5-BE8F-7F19DFE24A40}
		{CC168EBA-D2BC-4293-892A-A06E3F3710BD} = {22CCB034-7DEC-47F5-BE8F-7F19DFE24A40}
		{3C291388-F34F-43FD-AA4C-0574C892E102} = {B0BCC116-BA37-474D-A4B4-D4CF1B4A594F}
		{8124EB8B-A051-42BE-8922-34FF4067C7BB} = {B0BCC116-BA37-474D-A4B4-D4CF1B4A594F}
		{CD7EF06C-513B-4216-BE1B-7BFB06872B2A} = {CF5ADB52-D4F3-471E-9879-3CCDA212D540}
		{04F385EA-9199-4E51-961A-D1FC9E843BB5} = {CF5ADB52-D4F3-471E-9879-3CCDA212D540}
		{503F361C-22DD-4869-946B-3FAE2E22D349} = {37EA616A-2099-4C17-8250-728DDDE9D82D}
		{25D65F99-5E04-4BEE-B0C1-ECCD13FAD98E} = {37EA616A-2099-4C17-8250-728DDDE9D82D}
		{A660093D-A485-4A43-B61F-833580D40FDD} = {DD6C1B20-B28E-4812-BC01-DED5C056167C}
		{38B60CF2-BF3F-41C8-A189-5D84C730B2F4} = {DD6C1B20-B28E-4812-BC01-DED5C056167C}
		{9EEB7E08-7184-4899-AAE1-450631CD3241} = {DD6C1B20-B28E-4812-BC01-DED5C056167C}
		{A253AAC1-1FAE-4A16-947B-A7D73CC1D930} = {8D2BD305-652D-43FB-9892-3E5C1816B016}
		{5274C8E5-9E1B-4F96-8D49-8BE5526982CA} = {8D2BD305-652D-43FB-9892-3E5C1816B016}
		{27323A21-7616-4CF6-BA4C-905B885903A0} = {8D2BD305-652D-43FB-9892-3E5C1816B016}
		{E08D449D-D864-46EB-A5C4-B924ECF2BB3A} = {4BC6888D-CC36-4A88-A363-A36A0D27E502}
		{B6A61EFB-A8DE-4B9C-869F-0D12B90404F5} = {4BC6888D-CC36-4A88-A363-A36A0D27E502}
		{7EDDB2E5-C3E3-4A83-8576-FE1905AC5E1E} = {4BC6888D-CC36-4A88-A363-A36A0D27E502}
		{1031E865-1E0C-4181-B9CC-ED6B92F702BE} = {4BC6888D-CC36-4A88-A363-A36A0D27E502}
		{BEB74F54-83E8-41B4-B728-3DD6F49FF654} = {69846E88-116F-4C3C-A357-834B090C8450}
		{071508D9-1CBF-411C-8B61-98C21F491023} = {69846E88-116F-4C3C-A357-834B090C8450}
		{9EFF3D3F-D15D-4A35-84FD-A1DEFB93AA79} = {AC4832E2-E23C-43C5-8695-2778D519F607}
		{526BCE68-74F8-400F-8155-AB1547937704} = {AC4832E2-E23C-43C5-8695-2778D519F607}
		{9600E2BD-0D9B-498B-8A0D-A95D4C8F4864} = {96360268-0B14-4602-91AF-F3CBC24FDE9C}
		{62BC9C8E-586B-49C0-9EC9-DA46A2932E13} = {96360268-0B14-4602-91AF-F3CBC24FDE9C}
		{050CFE49-F4BB-4A14-8C36-B723E2CE899D} = {96360268-0B14-4602-91AF-F3CBC24FDE9C}
		{FB38966B-1F47-4419-8E72-0C90A6E50994} = {96360268-0B14-4602-91AF-F3CBC24FDE9C}
		{A1CF980F-5A9F-454A-BCA5-249C514650C5} = {96360268-0B14-4602-91AF-F3CBC24FDE9C}
	EndGlobalSection
	GlobalSection(ExtensibilityGlobals) = postSolution
		SolutionGuid = {1CC2A914-28F9-4F0B-AA10-11AC428B14A0}
	EndGlobalSection
EndGlobal
